
Microsoft Visual Studio Solution File, Format Version 12.00
# Visual Studio Version 16
VisualStudioVersion = 16.0.28803.156
MinimumVisualStudioVersion = 10.0.40219.1
Project("{FAE04EC0-301F-11D3-BF4B-00C04F79EFBC}") = "ResUp", "ResUp\ResUp.csproj", "{C0F664F0-0B89-4E4D-905E-43E6C33254A4}"
EndProject
Project("{FAE04EC0-301F-11D3-BF4B-00C04F79EFBC}") = "Client2", "Client2\Client2.csproj", "{BD653C63-BE92-4324-B1AD-80C9F725847B}"
EndProject
Global
	GlobalSection(SolutionConfigurationPlatforms) = preSolution
		Debug|Any CPU = Debug|Any CPU
		Debug|x86 = Debug|x86
		Release|Any CPU = Release|Any CPU
		Release|x86 = Release|x86
	EndGlobalSection
	GlobalSection(ProjectConfigurationPlatforms) = postSolution
		{C0F664F0-0B89-4E4D-905E-43E6C33254A4}.Debug|Any CPU.ActiveCfg = Debug|Any CPU
		{C0F664F0-0B89-4E4D-905E-43E6C33254A4}.Debug|Any CPU.Build.0 = Debug|Any CPU
		{C0F664F0-0B89-4E4D-905E-43E6C33254A4}.Debug|x86.ActiveCfg = Debug|x86
		{C0F664F0-0B89-4E4D-905E-43E6C33254A4}.Debug|x86.Build.0 = Debug|x86
		{C0F664F0-0B89-4E4D-905E-43E6C33254A4}.Release|Any CPU.ActiveCfg = Release|Any CPU
		{C0F664F0-0B89-4E4D-905E-43E6C33254A4}.Release|Any CPU.Build.0 = Release|Any CPU
		{C0F664F0-0B89-4E4D-905E-43E6C33254A4}.Release|x86.ActiveCfg = Release|x86
		{C0F664F0-0B89-4E4D-905E-43E6C33254A4}.Release|x86.Build.0 = Release|x86
		{BD653C63-BE92-4324-B1AD-80C9F725847B}.Debug|Any CPU.ActiveCfg = Debug|Any CPU
		{BD653C63-BE92-4324-B1AD-80C9F725847B}.Debug|Any CPU.Build.0 = Debug|Any CPU
		{BD653C63-BE92-4324-B1AD-80C9F725847B}.Debug|x86.ActiveCfg = Debug|Any CPU
		{BD653C63-BE92-4324-B1AD-80C9F725847B}.Debug|x86.Build.0 = Debug|Any CPU
		{BD653C63-BE92-4324-B1AD-80C9F725847B}.Release|Any CPU.ActiveCfg = Release|Any CPU
		{BD653C63-BE92-4324-B1AD-80C9F725847B}.Release|Any CPU.Build.0 = Release|Any CPU
		{BD653C63-BE92-4324-B1AD-80C9F725847B}.Release|x86.ActiveCfg = Release|Any CPU
		{BD653C63-BE92-4324-B1AD-80C9F725847B}.Release|x86.Build.0 = Release|Any CPU
	EndGlobalSection
	GlobalSection(SolutionProperties) = preSolution
		HideSolutionNode = FALSE
	EndGlobalSection
	GlobalSection(ExtensibilityGlobals) = postSolution
		SolutionGuid = {974C7472-88EC-4584-87C6-12FF83A19F88}
	EndGlobalSection
EndGlobal
